
Microsoft Visual Studio Solution File, Format Version 12.00
# Visual Studio Version 16
VisualStudioVersion = 16.0.34031.81
MinimumVisualStudioVersion = 10.0.40219.1
Project("{2150E333-8FDC-42A3-9474-1A3956D46DE8}") = "Task0", "Task0", "{D7E08DDD-86BD-4C2B-A621-3C7CDC4C491F}"
EndProject
Project("{FAE04EC0-301F-11D3-BF4B-00C04F79EFBC}") = "Tyuiu.KhramovNA.Sprint6.Task0.V24.Lib", "Tyuiu.KhramovNA.Sprint6.Task0.V24.Lib\Tyuiu.KhramovNA.Sprint6.Task0.V24.Lib.csproj", "{51E0908F-4B05-438A-906D-9B8A28AE4B9F}"
EndProject
Project("{FAE04EC0-301F-11D3-BF4B-00C04F79EFBC}") = "Tyuiu.KhramovNA.Sprint6.Task0.V24.Test", "Tyuiu.KhramovNA.Sprint6.Task0.V24.Test\Tyuiu.KhramovNA.Sprint6.Task0.V24.Test.csproj", "{C99A96FD-DF80-4507-815F-896D24CC3B52}"
EndProject
Project("{FAE04EC0-301F-11D3-BF4B-00C04F79EFBC}") = "Tyuiu.KhramovNA.Sprint6.Task0.V24", "Tyuiu.KhramovNA.Sprint6.Task0.V24\Tyuiu.KhramovNA.Sprint6.Task0.V24.csproj", "{0B6D6E0F-A14D-4EA5-BEDB-9845859EAD9B}"
EndProject
Project("{2150E333-8FDC-42A3-9474-1A3956D46DE8}") = "Task1", "Task1", "{DD33B93E-7C42-438A-8865-12892322EE42}"
EndProject
Project("{FAE04EC0-301F-11D3-BF4B-00C04F79EFBC}") = "Tyuiu.KhramovNA.Sprint6.Task1.V4.Lib", "Tyuiu.KhramovNA.Sprint6.Task1.V4.Lib\Tyuiu.KhramovNA.Sprint6.Task1.V4.Lib.csproj", "{90AE78D6-A636-4C9E-ADEC-C82D8BCDC585}"
EndProject
Project("{FAE04EC0-301F-11D3-BF4B-00C04F79EFBC}") = "Tyuiu.KhramovNA.Sprint6.Task1.V4.Test", "Tyuiu.KhramovNA.Sprint6.Task1.V4.Test\Tyuiu.KhramovNA.Sprint6.Task1.V4.Test.csproj", "{F9E6415C-18E4-4AED-9228-2F3C69762581}"
EndProject
Project("{FAE04EC0-301F-11D3-BF4B-00C04F79EFBC}") = "Tyuiu.KhramovNA.Sprint6.Task1.V4", "Tyuiu.KhramovNA.Sprint6.Task1.V4\Tyuiu.KhramovNA.Sprint6.Task1.V4.csproj", "{3ECF200F-1314-4B74-9ED4-F4EF8477FFCA}"
EndProject
Project("{2150E333-8FDC-42A3-9474-1A3956D46DE8}") = "Task2", "Task2", "{F8C28A20-CC20-465A-B843-2D1DB881871D}"
EndProject
Project("{FAE04EC0-301F-11D3-BF4B-00C04F79EFBC}") = "Tyuiu.KhramovNA.Sprint6.Task2.V12", "Tyuiu.KhramovNA.Sprint6.Task2.V12\Tyuiu.KhramovNA.Sprint6.Task2.V12.csproj", "{8CAD4E2C-9A62-42D3-91F9-E77805E8395E}"
EndProject
Project("{FAE04EC0-301F-11D3-BF4B-00C04F79EFBC}") = "Tyuiu.KhramovNA.Sprint6.Task2.V12.Lib", "Tyuiu.KhramovNA.Sprint6.Task2.V12.Lib\Tyuiu.KhramovNA.Sprint6.Task2.V12.Lib.csproj", "{A02BBD81-2B16-44C6-9B98-C72229DC9B97}"
EndProject
Project("{FAE04EC0-301F-11D3-BF4B-00C04F79EFBC}") = "Tyuiu.KhramovNA.Sprint6.Task2.V12.Test", "Tyuiu.KhramovNA.Sprint6.Task2.V12.Test\Tyuiu.KhramovNA.Sprint6.Task2.V12.Test.csproj", "{B24EC970-7C76-4E1E-A5D7-355A9D4D891C}"
EndProject
Global
	GlobalSection(SolutionConfigurationPlatforms) = preSolution
		Debug|Any CPU = Debug|Any CPU
		Release|Any CPU = Release|Any CPU
	EndGlobalSection
	GlobalSection(ProjectConfigurationPlatforms) = postSolution
		{51E0908F-4B05-438A-906D-9B8A28AE4B9F}.Debug|Any CPU.ActiveCfg = Debug|Any CPU
		{51E0908F-4B05-438A-906D-9B8A28AE4B9F}.Debug|Any CPU.Build.0 = Debug|Any CPU
		{51E0908F-4B05-438A-906D-9B8A28AE4B9F}.Release|Any CPU.ActiveCfg = Release|Any CPU
		{51E0908F-4B05-438A-906D-9B8A28AE4B9F}.Release|Any CPU.Build.0 = Release|Any CPU
		{C99A96FD-DF80-4507-815F-896D24CC3B52}.Debug|Any CPU.ActiveCfg = Debug|Any CPU
		{C99A96FD-DF80-4507-815F-896D24CC3B52}.Debug|Any CPU.Build.0 = Debug|Any CPU
		{C99A96FD-DF80-4507-815F-896D24CC3B52}.Release|Any CPU.ActiveCfg = Release|Any CPU
		{C99A96FD-DF80-4507-815F-896D24CC3B52}.Release|Any CPU.Build.0 = Release|Any CPU
		{0B6D6E0F-A14D-4EA5-BEDB-9845859EAD9B}.Debug|Any CPU.ActiveCfg = Debug|Any CPU
		{0B6D6E0F-A14D-4EA5-BEDB-9845859EAD9B}.Debug|Any CPU.Build.0 = Debug|Any CPU
		{0B6D6E0F-A14D-4EA5-BEDB-9845859EAD9B}.Release|Any CPU.ActiveCfg = Release|Any CPU
		{0B6D6E0F-A14D-4EA5-BEDB-9845859EAD9B}.Release|Any CPU.Build.0 = Release|Any CPU
		{90AE78D6-A636-4C9E-ADEC-C82D8BCDC585}.Debug|Any CPU.ActiveCfg = Debug|Any CPU
		{90AE78D6-A636-4C9E-ADEC-C82D8BCDC585}.Debug|Any CPU.Build.0 = Debug|Any CPU
		{90AE78D6-A636-4C9E-ADEC-C82D8BCDC585}.Release|Any CPU.ActiveCfg = Release|Any CPU
		{90AE78D6-A636-4C9E-ADEC-C82D8BCDC585}.Release|Any CPU.Build.0 = Release|Any CPU
		{F9E6415C-18E4-4AED-9228-2F3C69762581}.Debug|Any CPU.ActiveCfg = Debug|Any CPU
		{F9E6415C-18E4-4AED-9228-2F3C69762581}.Debug|Any CPU.Build.0 = Debug|Any CPU
		{F9E6415C-18E4-4AED-9228-2F3C69762581}.Release|Any CPU.ActiveCfg = Release|Any CPU
		{F9E6415C-18E4-4AED-9228-2F3C69762581}.Release|Any CPU.Build.0 = Release|Any CPU
		{3ECF200F-1314-4B74-9ED4-F4EF8477FFCA}.Debug|Any CPU.ActiveCfg = Debug|Any CPU
		{3ECF200F-1314-4B74-9ED4-F4EF8477FFCA}.Debug|Any CPU.Build.0 = Debug|Any CPU
		{3ECF200F-1314-4B74-9ED4-F4EF8477FFCA}.Release|Any CPU.ActiveCfg = Release|Any CPU
		{3ECF200F-1314-4B74-9ED4-F4EF8477FFCA}.Release|Any CPU.Build.0 = Release|Any CPU
		{8CAD4E2C-9A62-42D3-91F9-E77805E8395E}.Debug|Any CPU.ActiveCfg = Debug|Any CPU
		{8CAD4E2C-9A62-42D3-91F9-E77805E8395E}.Debug|Any CPU.Build.0 = Debug|Any CPU
		{8CAD4E2C-9A62-42D3-91F9-E77805E8395E}.Release|Any CPU.ActiveCfg = Release|Any CPU
		{8CAD4E2C-9A62-42D3-91F9-E77805E8395E}.Release|Any CPU.Build.0 = Release|Any CPU
		{A02BBD81-2B16-44C6-9B98-C72229DC9B97}.Debug|Any CPU.ActiveCfg = Debug|Any CPU
		{A02BBD81-2B16-44C6-9B98-C72229DC9B97}.Debug|Any CPU.Build.0 = Debug|Any CPU
		{A02BBD81-2B16-44C6-9B98-C72229DC9B97}.Release|Any CPU.ActiveCfg = Release|Any CPU
		{A02BBD81-2B16-44C6-9B98-C72229DC9B97}.Release|Any CPU.Build.0 = Release|Any CPU
		{B24EC970-7C76-4E1E-A5D7-355A9D4D891C}.Debug|Any CPU.ActiveCfg = Debug|Any CPU
		{B24EC970-7C76-4E1E-A5D7-355A9D4D891C}.Debug|Any CPU.Build.0 = Debug|Any CPU
		{B24EC970-7C76-4E1E-A5D7-355A9D4D891C}.Release|Any CPU.ActiveCfg = Release|Any CPU
		{B24EC970-7C76-4E1E-A5D7-355A9D4D891C}.Release|Any CPU.Build.0 = Release|Any CPU
	EndGlobalSection
	GlobalSection(SolutionProperties) = preSolution
		HideSolutionNode = FALSE
	EndGlobalSection
	GlobalSection(NestedProjects) = preSolution
		{51E0908F-4B05-438A-906D-9B8A28AE4B9F} = {D7E08DDD-86BD-4C2B-A621-3C7CDC4C491F}
		{C99A96FD-DF80-4507-815F-896D24CC3B52} = {D7E08DDD-86BD-4C2B-A621-3C7CDC4C491F}
		{0B6D6E0F-A14D-4EA5-BEDB-9845859EAD9B} = {D7E08DDD-86BD-4C2B-A621-3C7CDC4C491F}
		{90AE78D6-A636-4C9E-ADEC-C82D8BCDC585} = {DD33B93E-7C42-438A-8865-12892322EE42}
		{F9E6415C-18E4-4AED-9228-2F3C69762581} = {DD33B93E-7C42-438A-8865-12892322EE42}
		{3ECF200F-1314-4B74-9ED4-F4EF8477FFCA} = {DD33B93E-7C42-438A-8865-12892322EE42}
		{8CAD4E2C-9A62-42D3-91F9-E77805E8395E} = {F8C28A20-CC20-465A-B843-2D1DB881871D}
		{A02BBD81-2B16-44C6-9B98-C72229DC9B97} = {F8C28A20-CC20-465A-B843-2D1DB881871D}
		{B24EC970-7C76-4E1E-A5D7-355A9D4D891C} = {F8C28A20-CC20-465A-B843-2D1DB881871D}
	EndGlobalSection
	GlobalSection(ExtensibilityGlobals) = postSolution
		SolutionGuid = {4AEBF893-EFB9-4C7B-8843-CF5C7356F2D1}
	EndGlobalSection
EndGlobal
